{
  "meteor": {},
  "dependencies": {
    "basePackages": {
      "iron-router": {},
      "velocity": {
        "git": "https://github.com/xolvio/velocity",
        "branch": "master"
      },
      "mocha-web": {
        "git": "https://github.com/mad-eye/meteor-mocha-web",
        "branch": "velocity"
      },
      "jasmine-unit": {}
    },
    "packages": {
      "iron-router": {
        "git": "https://github.com/EventedMind/iron-router.git",
        "tag": "v0.7.1",
        "commit": "d1ffb3f06ea4c112132b030f2eb1a70b81675ecb"
      },
      "velocity": {
        "git": "https://github.com/xolvio/velocity",
        "branch": "master",
        "commit": "7b901697c588ab4df8d11124333efdb99acb7571"
      },
      "mocha-web": {
        "git": "https://github.com/mad-eye/meteor-mocha-web",
        "branch": "velocity",
        "commit": "969c937d53ce34e563e527b3c048386a1b808512"
      },
      "jasmine-unit": {
        "git": "https://github.com/xolvio/jasmine-unit.git",
        "tag": "v0.1.2",
        "commit": "bea45a66302e08043c6fad0a24011bfe047bc789"
      },
      "blaze-layout": {
        "git": "https://github.com/EventedMind/blaze-layout.git",
        "tag": "v0.2.4",
        "commit": "b40e9b0612329288d75cf52ad14a7da64bb8618f"
      },
      "mirror": {
        "git": "https://github.com/xdissent/meteor-mirror.git",
        "tag": "v0.0.2",
        "commit": "03d965dcab2f976a1fdc6ce513edcd4c17b75746"
      }
    }
  }
}
